
Microsoft Visual Studio Solution File, Format Version 12.00
# Visual Studio Version 17
VisualStudioVersion = 17.14.36202.13 d17.14
MinimumVisualStudioVersion = 10.0.40219.1
Project("{8BC9CEB8-8B4A-11D0-8D11-00A0C91BC942}") = "QtWidgetsApplication1rps", "QtWidgetsApplication1rps\QtWidgetsApplication1rps.vcxproj", "{4C747141-6B2B-431E-9A5D-B93549544767}"
EndProject
Global
	GlobalSection(SolutionConfigurationPlatforms) = preSolution
		Debug|x64 = Debug|x64
		Release|x64 = Release|x64
	EndGlobalSection
	GlobalSection(ProjectConfigurationPlatforms) = postSolution
		{4C747141-6B2B-431E-9A5D-B93549544767}.Debug|x64.ActiveCfg = Debug|x64
		{4C747141-6B2B-431E-9A5D-B93549544767}.Debug|x64.Build.0 = Debug|x64
		{4C747141-6B2B-431E-9A5D-B93549544767}.Release|x64.ActiveCfg = Release|x64
		{4C747141-6B2B-431E-9A5D-B93549544767}.Release|x64.Build.0 = Release|x64
	EndGlobalSection
	GlobalSection(SolutionProperties) = preSolution
		HideSolutionNode = FALSE
	EndGlobalSection
	GlobalSection(ExtensibilityGlobals) = postSolution
		SolutionGuid = {2BAC4C3E-8E1D-457E-AE06-D99AD964D77E}
	EndGlobalSection
EndGlobal
